
Microsoft Visual Studio Solution File, Format Version 12.00
# Visual Studio Version 17
VisualStudioVersion = 17.3.32901.215
MinimumVisualStudioVersion = 10.0.40219.1
Project("{FAE04EC0-301F-11D3-BF4B-00C04F79EFBC}") = "Client", "Client.csproj", "{78BAA894-F7C0-498C-94EA-27B4D0CB0258}"
EndProject
Global
	GlobalSection(SolutionConfigurationPlatforms) = preSolution
		Debug|Any CPU = Debug|Any CPU
		Release|Any CPU = Release|Any CPU
	EndGlobalSection
	GlobalSection(ProjectConfigurationPlatforms) = postSolution
		{78BAA894-F7C0-498C-94EA-27B4D0CB0258}.Debug|Any CPU.ActiveCfg = Debug|Any CPU
		{78BAA894-F7C0-498C-94EA-27B4D0CB0258}.Debug|Any CPU.Build.0 = Debug|Any CPU
		{78BAA894-F7C0-498C-94EA-27B4D0CB0258}.Release|Any CPU.ActiveCfg = Release|Any CPU
		{78BAA894-F7C0-498C-94EA-27B4D0CB0258}.Release|Any CPU.Build.0 = Release|Any CPU
	EndGlobalSection
	GlobalSection(SolutionProperties) = preSolution
		HideSolutionNode = FALSE
	EndGlobalSection
	GlobalSection(ExtensibilityGlobals) = postSolution
		SolutionGuid = {956D405D-07BC-40AD-A033-F78747A62CD9}
	EndGlobalSection
EndGlobal
