
Microsoft Visual Studio Solution File, Format Version 12.00
# Visual Studio 14
VisualStudioVersion = 14.0.25420.1
MinimumVisualStudioVersion = 10.0.40219.1
Project("{FAE04EC0-301F-11D3-BF4B-00C04F79EFBC}") = "WindowsFormsApplication1", "WindowsFormsApplication1\WindowsFormsApplication1.csproj", "{0DE2D70F-CB00-44B5-A0CC-3E9C387ACA8E}"
EndProject
Project("{FAE04EC0-301F-11D3-BF4B-00C04F79EFBC}") = "WindowsFormsApplication2", "WindowsFormsApplication2\WindowsFormsApplication2.csproj", "{B96152E0-CB15-459F-A7F2-BA2F02FB73E1}"
EndProject
Global
	GlobalSection(SolutionConfigurationPlatforms) = preSolution
		Debug|Any CPU = Debug|Any CPU
		Release|Any CPU = Release|Any CPU
	EndGlobalSection
	GlobalSection(ProjectConfigurationPlatforms) = postSolution
		{0DE2D70F-CB00-44B5-A0CC-3E9C387ACA8E}.Debug|Any CPU.ActiveCfg = Debug|Any CPU
		{0DE2D70F-CB00-44B5-A0CC-3E9C387ACA8E}.Debug|Any CPU.Build.0 = Debug|Any CPU
		{0DE2D70F-CB00-44B5-A0CC-3E9C387ACA8E}.Release|Any CPU.ActiveCfg = Release|Any CPU
		{0DE2D70F-CB00-44B5-A0CC-3E9C387ACA8E}.Release|Any CPU.Build.0 = Release|Any CPU
		{B96152E0-CB15-459F-A7F2-BA2F02FB73E1}.Debug|Any CPU.ActiveCfg = Debug|Any CPU
		{B96152E0-CB15-459F-A7F2-BA2F02FB73E1}.Debug|Any CPU.Build.0 = Debug|Any CPU
		{B96152E0-CB15-459F-A7F2-BA2F02FB73E1}.Release|Any CPU.ActiveCfg = Release|Any CPU
		{B96152E0-CB15-459F-A7F2-BA2F02FB73E1}.Release|Any CPU.Build.0 = Release|Any CPU
	EndGlobalSection
	GlobalSection(SolutionProperties) = preSolution
		HideSolutionNode = FALSE
	EndGlobalSection
EndGlobal
