
Microsoft Visual Studio Solution File, Format Version 12.00
# Visual Studio Version 16
VisualStudioVersion = 16.0.31112.23
MinimumVisualStudioVersion = 10.0.40219.1
Project("{9A19103F-16F7-4668-BE54-9A1E7A4F7556}") = "MyBBSWebApi", "MyBBSWebApi\MyBBSWebApi.csproj", "{1B23E4F5-829C-49BF-80E1-57475578E5C8}"
EndProject
Project("{FAE04EC0-301F-11D3-BF4B-00C04F79EFBC}") = "MyBBSWebApi.DAL", "MyBBSWebApi.DAL\MyBBSWebApi.DAL.csproj", "{55ECB2C7-7C1E-44B6-B163-FA4572865BA5}"
EndProject
Project("{FAE04EC0-301F-11D3-BF4B-00C04F79EFBC}") = "MyBBSWebApi.BLL", "MyBBSWebApi.BLL\MyBBSWebApi.BLL.csproj", "{00698540-D651-4CA4-BC92-49F7648EB8DC}"
EndProject
Project("{FAE04EC0-301F-11D3-BF4B-00C04F79EFBC}") = "MyBBSWebApi.Models", "MyBBSWebApi.Models\MyBBSWebApi.Models.csproj", "{ED4CEA9B-C29C-4BC5-86D1-81CFCC80F3C7}"
EndProject
Project("{FAE04EC0-301F-11D3-BF4B-00C04F79EFBC}") = "MyBBSWebApi.Common", "MyBBSWebApi.Common\MyBBSWebApi.Common.csproj", "{D1C48284-94E9-45FE-8508-13678298E5E4}"
EndProject
Project("{FAE04EC0-301F-11D3-BF4B-00C04F79EFBC}") = "MvcTest", "MvcTest\MvcTest.csproj", "{60F73581-916C-4D7C-A462-0838F457BBE9}"
EndProject
Global
	GlobalSection(SolutionConfigurationPlatforms) = preSolution
		Debug|Any CPU = Debug|Any CPU
		Release|Any CPU = Release|Any CPU
	EndGlobalSection
	GlobalSection(ProjectConfigurationPlatforms) = postSolution
		{1B23E4F5-829C-49BF-80E1-57475578E5C8}.Debug|Any CPU.ActiveCfg = Debug|Any CPU
		{1B23E4F5-829C-49BF-80E1-57475578E5C8}.Debug|Any CPU.Build.0 = Debug|Any CPU
		{1B23E4F5-829C-49BF-80E1-57475578E5C8}.Release|Any CPU.ActiveCfg = Release|Any CPU
		{1B23E4F5-829C-49BF-80E1-57475578E5C8}.Release|Any CPU.Build.0 = Release|Any CPU
		{55ECB2C7-7C1E-44B6-B163-FA4572865BA5}.Debug|Any CPU.ActiveCfg = Debug|Any CPU
		{55ECB2C7-7C1E-44B6-B163-FA4572865BA5}.Debug|Any CPU.Build.0 = Debug|Any CPU
		{55ECB2C7-7C1E-44B6-B163-FA4572865BA5}.Release|Any CPU.ActiveCfg = Release|Any CPU
		{55ECB2C7-7C1E-44B6-B163-FA4572865BA5}.Release|Any CPU.Build.0 = Release|Any CPU
		{00698540-D651-4CA4-BC92-49F7648EB8DC}.Debug|Any CPU.ActiveCfg = Debug|Any CPU
		{00698540-D651-4CA4-BC92-49F7648EB8DC}.Debug|Any CPU.Build.0 = Debug|Any CPU
		{00698540-D651-4CA4-BC92-49F7648EB8DC}.Release|Any CPU.ActiveCfg = Release|Any CPU
		{00698540-D651-4CA4-BC92-49F7648EB8DC}.Release|Any CPU.Build.0 = Release|Any CPU
		{ED4CEA9B-C29C-4BC5-86D1-81CFCC80F3C7}.Debug|Any CPU.ActiveCfg = Debug|Any CPU
		{ED4CEA9B-C29C-4BC5-86D1-81CFCC80F3C7}.Debug|Any CPU.Build.0 = Debug|Any CPU
		{ED4CEA9B-C29C-4BC5-86D1-81CFCC80F3C7}.Release|Any CPU.ActiveCfg = Release|Any CPU
		{ED4CEA9B-C29C-4BC5-86D1-81CFCC80F3C7}.Release|Any CPU.Build.0 = Release|Any CPU
		{D1C48284-94E9-45FE-8508-13678298E5E4}.Debug|Any CPU.ActiveCfg = Debug|Any CPU
		{D1C48284-94E9-45FE-8508-13678298E5E4}.Debug|Any CPU.Build.0 = Debug|Any CPU
		{D1C48284-94E9-45FE-8508-13678298E5E4}.Release|Any CPU.ActiveCfg = Release|Any CPU
		{D1C48284-94E9-45FE-8508-13678298E5E4}.Release|Any CPU.Build.0 = Release|Any CPU
		{60F73581-916C-4D7C-A462-0838F457BBE9}.Debug|Any CPU.ActiveCfg = Debug|Any CPU
		{60F73581-916C-4D7C-A462-0838F457BBE9}.Debug|Any CPU.Build.0 = Debug|Any CPU
		{60F73581-916C-4D7C-A462-0838F457BBE9}.Release|Any CPU.ActiveCfg = Release|Any CPU
		{60F73581-916C-4D7C-A462-0838F457BBE9}.Release|Any CPU.Build.0 = Release|Any CPU
	EndGlobalSection
	GlobalSection(SolutionProperties) = preSolution
		HideSolutionNode = FALSE
	EndGlobalSection
	GlobalSection(ExtensibilityGlobals) = postSolution
		SolutionGuid = {B4BDAB77-8DD1-4368-9871-567253F0077F}
	EndGlobalSection
EndGlobal
