
Microsoft Visual Studio Solution File, Format Version 12.00
# Visual Studio 14
VisualStudioVersion = 14.0.25420.1
MinimumVisualStudioVersion = 10.0.40219.1
Project("{FAE04EC0-301F-11D3-BF4B-00C04F79EFBC}") = "WindowsFormsApplication1", "WindowsFormsApplication1\WindowsFormsApplication1.csproj", "{CB81A66F-FAB4-482E-B619-A1D04A4EDBC5}"
EndProject
Project("{FAE04EC0-301F-11D3-BF4B-00C04F79EFBC}") = "WindowsFormsApplication2", "WindowsFormsApplication2\WindowsFormsApplication2.csproj", "{0D7E5C3D-8BC8-4B1F-90FA-ABD45AC87721}"
EndProject
Project("{FAE04EC0-301F-11D3-BF4B-00C04F79EFBC}") = "WindowsFormsApplication3", "WindowsFormsApplication3\WindowsFormsApplication3.csproj", "{C76C26B5-78C5-4187-B80C-D089B3884E26}"
EndProject
Project("{FAE04EC0-301F-11D3-BF4B-00C04F79EFBC}") = "WindowsFormsApplication4", "WindowsFormsApplication4\WindowsFormsApplication4.csproj", "{0B3F6F84-3535-47F8-8360-FA378F2E980B}"
EndProject
Project("{FAE04EC0-301F-11D3-BF4B-00C04F79EFBC}") = "WindowsFormsApplication5", "WindowsFormsApplication5\WindowsFormsApplication5.csproj", "{AB8EB608-2938-4F23-8AB9-47106910F944}"
EndProject
Global
	GlobalSection(SolutionConfigurationPlatforms) = preSolution
		Debug|Any CPU = Debug|Any CPU
		Release|Any CPU = Release|Any CPU
	EndGlobalSection
	GlobalSection(ProjectConfigurationPlatforms) = postSolution
		{CB81A66F-FAB4-482E-B619-A1D04A4EDBC5}.Debug|Any CPU.ActiveCfg = Debug|Any CPU
		{CB81A66F-FAB4-482E-B619-A1D04A4EDBC5}.Debug|Any CPU.Build.0 = Debug|Any CPU
		{CB81A66F-FAB4-482E-B619-A1D04A4EDBC5}.Release|Any CPU.ActiveCfg = Release|Any CPU
		{CB81A66F-FAB4-482E-B619-A1D04A4EDBC5}.Release|Any CPU.Build.0 = Release|Any CPU
		{0D7E5C3D-8BC8-4B1F-90FA-ABD45AC87721}.Debug|Any CPU.ActiveCfg = Debug|Any CPU
		{0D7E5C3D-8BC8-4B1F-90FA-ABD45AC87721}.Debug|Any CPU.Build.0 = Debug|Any CPU
		{0D7E5C3D-8BC8-4B1F-90FA-ABD45AC87721}.Release|Any CPU.ActiveCfg = Release|Any CPU
		{0D7E5C3D-8BC8-4B1F-90FA-ABD45AC87721}.Release|Any CPU.Build.0 = Release|Any CPU
		{C76C26B5-78C5-4187-B80C-D089B3884E26}.Debug|Any CPU.ActiveCfg = Debug|Any CPU
		{C76C26B5-78C5-4187-B80C-D089B3884E26}.Debug|Any CPU.Build.0 = Debug|Any CPU
		{C76C26B5-78C5-4187-B80C-D089B3884E26}.Release|Any CPU.ActiveCfg = Release|Any CPU
		{C76C26B5-78C5-4187-B80C-D089B3884E26}.Release|Any CPU.Build.0 = Release|Any CPU
		{0B3F6F84-3535-47F8-8360-FA378F2E980B}.Debug|Any CPU.ActiveCfg = Debug|Any CPU
		{0B3F6F84-3535-47F8-8360-FA378F2E980B}.Debug|Any CPU.Build.0 = Debug|Any CPU
		{0B3F6F84-3535-47F8-8360-FA378F2E980B}.Release|Any CPU.ActiveCfg = Release|Any CPU
		{0B3F6F84-3535-47F8-8360-FA378F2E980B}.Release|Any CPU.Build.0 = Release|Any CPU
		{AB8EB608-2938-4F23-8AB9-47106910F944}.Debug|Any CPU.ActiveCfg = Debug|Any CPU
		{AB8EB608-2938-4F23-8AB9-47106910F944}.Debug|Any CPU.Build.0 = Debug|Any CPU
		{AB8EB608-2938-4F23-8AB9-47106910F944}.Release|Any CPU.ActiveCfg = Release|Any CPU
		{AB8EB608-2938-4F23-8AB9-47106910F944}.Release|Any CPU.Build.0 = Release|Any CPU
	EndGlobalSection
	GlobalSection(SolutionProperties) = preSolution
		HideSolutionNode = FALSE
	EndGlobalSection
EndGlobal
